
Microsoft Visual Studio Solution File, Format Version 12.00
# Visual Studio 15
VisualStudioVersion = 15.0.28010.2041
MinimumVisualStudioVersion = 10.0.40219.1
Project("{FAE04EC0-301F-11D3-BF4B-00C04F79EFBC}") = "Hall10", "Hall10\Hall10.csproj", "{727A60D5-E9C2-4288-9616-C3C500B25DF6}"
EndProject
Global
	GlobalSection(SolutionConfigurationPlatforms) = preSolution
		Debug|Any CPU = Debug|Any CPU
		Release|Any CPU = Release|Any CPU
	EndGlobalSection
	GlobalSection(ProjectConfigurationPlatforms) = postSolution
		{727A60D5-E9C2-4288-9616-C3C500B25DF6}.Debug|Any CPU.ActiveCfg = Debug|Any CPU
		{727A60D5-E9C2-4288-9616-C3C500B25DF6}.Debug|Any CPU.Build.0 = Debug|Any CPU
		{727A60D5-E9C2-4288-9616-C3C500B25DF6}.Release|Any CPU.ActiveCfg = Release|Any CPU
		{727A60D5-E9C2-4288-9616-C3C500B25DF6}.Release|Any CPU.Build.0 = Release|Any CPU
	EndGlobalSection
	GlobalSection(SolutionProperties) = preSolution
		HideSolutionNode = FALSE
	EndGlobalSection
	GlobalSection(ExtensibilityGlobals) = postSolution
		SolutionGuid = {03F08754-5EF4-4691-BA6D-188D61728C90}
	EndGlobalSection
EndGlobal
